// !$*UTF8*$!
{
	archiveVersion = 1;
	classes = {
	};
	objectVersion = 50;
	objects = {

/* Begin PBXBuildFile section */
		F62A2F9D213196BD00021C5D /* Postfix.swift in Sources */ = {isa = PBXBuildFile; fileRef = F62A2F9C213196BD00021C5D /* Postfix.swift */; };
		F62A2F9F21327A4B00021C5D /* Infix.swift in Sources */ = {isa = PBXBuildFile; fileRef = F62A2F9E21327A4B00021C5D /* Infix.swift */; };
		F643350A213057D0006CE6E8 /* Queue.swift in Sources */ = {isa = PBXBuildFile; fileRef = F6433509213057D0006CE6E8 /* Queue.swift */; };
		F651EBF720FA4AC0001E40EB /* main.swift in Sources */ = {isa = PBXBuildFile; fileRef = F651EBF620FA4AC0001E40EB /* main.swift */; };
		F651EC0020FA4B9C001E40EB /* Stack.swift in Sources */ = {isa = PBXBuildFile; fileRef = F651EBFF20FA4B9C001E40EB /* Stack.swift */; };
		F651EC0420FA59EC001E40EB /* Token.swift in Sources */ = {isa = PBXBuildFile; fileRef = F651EC0320FA59EC001E40EB /* Token.swift */; };
/* End PBXBuildFile section */

/* Begin PBXCopyFilesBuildPhase section */
		F651EBF120FA4ABF001E40EB /* CopyFiles */ = {
			isa = PBXCopyFilesBuildPhase;
			buildActionMask = 2147483647;
			dstPath = /usr/share/man/man1/;
			dstSubfolderSpec = 0;
			files = (
			);
			runOnlyForDeploymentPostprocessing = 1;
		};
/* End PBXCopyFilesBuildPhase section */

/* Begin PBXFileReference section */
		F62A2F9C213196BD00021C5D /* Postfix.swift */ = {isa = PBXFileReference; lastKnownFileType = sourcecode.swift; path = Postfix.swift; sourceTree = "<group>"; };
		F62A2F9E21327A4B00021C5D /* Infix.swift */ = {isa = PBXFileReference; lastKnownFileType = sourcecode.swift; path = Infix.swift; sourceTree = "<group>"; };
		F6433509213057D0006CE6E8 /* Queue.swift */ = {isa = PBXFileReference; lastKnownFileType = sourcecode.swift; path = Queue.swift; sourceTree = "<group>"; };
		F651EBF320FA4AC0001E40EB /* ShuntingYard */ = {isa = PBXFileReference; explicitFileType = "compiled.mach-o.executable"; includeInIndex = 0; path = ShuntingYard; sourceTree = BUILT_PRODUCTS_DIR; };
		F651EBF620FA4AC0001E40EB /* main.swift */ = {isa = PBXFileReference; lastKnownFileType = sourcecode.swift; path = main.swift; sourceTree = "<group>"; };
		F651EBFF20FA4B9C001E40EB /* Stack.swift */ = {isa = PBXFileReference; lastKnownFileType = sourcecode.swift; path = Stack.swift; sourceTree = "<group>"; };
		F651EC0320FA59EC001E40EB /* Token.swift */ = {isa = PBXFileReference; lastKnownFileType = sourcecode.swift; path = Token.swift; sourceTree = "<group>"; };
/* End PBXFileReference section */

/* Begin PBXFrameworksBuildPhase section */
		F651EBF020FA4ABF001E40EB /* Frameworks */ = {
			isa = PBXFrameworksBuildPhase;
			buildActionMask = 2147483647;
			files = (
			);
			runOnlyForDeploymentPostprocessing = 0;
		};
/* End PBXFrameworksBuildPhase section */

/* Begin PBXGroup section */
		F651EBEA20FA4ABF001E40EB = {
			isa = PBXGroup;
			children = (
				F651EBF520FA4AC0001E40EB /* ShuntingYard */,
				F651EBF420FA4AC0001E40EB /* Products */,
			);
			sourceTree = "<group>";
		};
		F651EBF420FA4AC0001E40EB /* Products */ = {
			isa = PBXGroup;
			children = (
				F651EBF320FA4AC0001E40EB /* ShuntingYard */,
			);
			name = Products;
			sourceTree = "<group>";
		};
		F651EBF520FA4AC0001E40EB /* ShuntingYard */ = {
			isa = PBXGroup;
			children = (
				F651EBF620FA4AC0001E40EB /* main.swift */,
				F651EC0320FA59EC001E40EB /* Token.swift */,
				F62A2F9C213196BD00021C5D /* Postfix.swift */,
				F62A2F9E21327A4B00021C5D /* Infix.swift */,
				F651EBFF20FA4B9C001E40EB /* Stack.swift */,
				F6433509213057D0006CE6E8 /* Queue.swift */,
			);
			path = ShuntingYard;
			sourceTree = "<group>";
		};
/* End PBXGroup section */

/* Begin PBXNativeTarget section */
		F651EBF220FA4ABF001E40EB /* ShuntingYard */ = {
			isa = PBXNativeTarget;
			buildConfigurationList = F651EBFA20FA4AC0001E40EB /* Build configuration list for PBXNativeTarget "ShuntingYard" */;
			buildPhases = (
				F651EBEF20FA4ABF001E40EB /* Sources */,
				F651EBF020FA4ABF001E40EB /* Frameworks */,
				F651EBF120FA4ABF001E40EB /* CopyFiles */,
			);
			buildRules = (
			);
			dependencies = (
			);
			name = ShuntingYard;
			productName = TerminalCalculator;
			productReference = F651EBF320FA4AC0001E40EB /* ShuntingYard */;
			productType = "com.apple.product-type.tool";
		};
/* End PBXNativeTarget section */

/* Begin PBXProject section */
		F651EBEB20FA4ABF001E40EB /* Project object */ = {
			isa = PBXProject;
			attributes = {
				LastSwiftUpdateCheck = 1000;
				LastUpgradeCheck = 1000;
				ORGANIZATIONNAME = Purple;
				TargetAttributes = {
					F651EBF220FA4ABF001E40EB = {
						CreatedOnToolsVersion = 10.0;
					};
				};
			};
			buildConfigurationList = F651EBEE20FA4ABF001E40EB /* Build configuration list for PBXProject "ShuntingYard" */;
			compatibilityVersion = "Xcode 9.3";
			developmentRegion = en;
			hasScannedForEncodings = 0;
			knownRegions = (
				en,
			);
			mainGroup = F651EBEA20FA4ABF001E40EB;
			productRefGroup = F651EBF420FA4AC0001E40EB /* Products */;
			projectDirPath = "";
			projectRoot = "";
			targets = (
				F651EBF220FA4ABF001E40EB /* ShuntingYard */,
			);
		};
/* End PBXProject section */

/* Begin PBXSourcesBuildPhase section */
		F651EBEF20FA4ABF001E40EB /* Sources */ = {
			isa = PBXSourcesBuildPhase;
			buildActionMask = 2147483647;
			files = (
				F651EBF720FA4AC0001E40EB /* main.swift in Sources */,
				F62A2F9D213196BD00021C5D /* Postfix.swift in Sources */,
				F62A2F9F21327A4B00021C5D /* Infix.swift in Sources */,
				F643350A213057D0006CE6E8 /* Queue.swift in Sources */,
				F651EC0420FA59EC001E40EB /* Token.swift in Sources */,
				F651EC0020FA4B9C001E40EB /* Stack.swift in Sources */,
			);
			runOnlyForDeploymentPostprocessing = 0;
		};
/* End PBXSourcesBuildPhase section */

/* Begin XCBuildConfiguration section */
		F651EBF820FA4AC0001E40EB /* Debug */ = {
			isa = XCBuildConfiguration;
			buildSettings = {
				ALWAYS_SEARCH_USER_PATHS = NO;
				CLANG_ANALYZER_NONNULL = YES;
				CLANG_ANALYZER_NUMBER_OBJECT_CONVERSION = YES_AGGRESSIVE;
				CLANG_CXX_LANGUAGE_STANDARD = "gnu++14";
				CLANG_CXX_LIBRARY = "libc++";
				CLANG_ENABLE_MODULES = YES;
				CLANG_ENABLE_OBJC_ARC = YES;
				CLANG_ENABLE_OBJC_WEAK = YES;
				CLANG_WARN_BLOCK_CAPTURE_AUTORELEASING = YES;
				CLANG_WARN_BOOL_CONVERSION = YES;
				CLANG_WARN_COMMA = YES;
				CLANG_WARN_CONSTANT_CONVERSION = YES;
				CLANG_WARN_DEPRECATED_OBJC_IMPLEMENTATIONS = YES;
				CLANG_WARN_DIRECT_OBJC_ISA_USAGE = YES_ERROR;
				CLANG_WARN_DOCUMENTATION_COMMENTS = YES;
				CLANG_WARN_EMPTY_BODY = YES;
				CLANG_WARN_ENUM_CONVERSION = YES;
				CLANG_WARN_INFINITE_RECURSION = YES;
				CLANG_WARN_INT_CONVERSION = YES;
				CLANG_WARN_NON_LITERAL_NULL_CONVERSION = YES;
				CLANG_WARN_OBJC_IMPLICIT_RETAIN_SELF = YES;
				CLANG_WARN_OBJC_LITERAL_CONVERSION = YES;
				CLANG_WARN_OBJC_ROOT_CLASS = YES_ERROR;
				CLANG_WARN_RANGE_LOOP_ANALYSIS = YES;
				CLANG_WARN_STRICT_PROTOTYPES = YES;
				CLANG_WARN_SUSPICIOUS_MOVE = YES;
				CLANG_WARN_UNGUARDED_AVAILABILITY = YES_AGGRESSIVE;
				CLANG_WARN_UNREACHABLE_CODE = YES;
				CLANG_WARN__DUPLICATE_METHOD_MATCH = YES;
				CODE_SIGN_IDENTITY = "Mac Developer";
				COPY_PHASE_STRIP = NO;
				DEBUG_INFORMATION_FORMAT = dwarf;
				ENABLE_STRICT_OBJC_MSGSEND = YES;
				ENABLE_TESTABILITY = YES;
				GCC_C_LANGUAGE_STANDARD = gnu11;
				GCC_DYNAMIC_NO_PIC = NO;
				GCC_NO_COMMON_BLOCKS = YES;
				GCC_OPTIMIZATION_LEVEL = 0;
				GCC_PREPROCESSOR_DEFINITIONS = (
					"DEBUG=1",
					"$(inherited)",
				);
				GCC_WARN_64_TO_32_BIT_CONVERSION = YES;
				GCC_WARN_ABOUT_RETURN_TYPE = YES_ERROR;
				GCC_WARN_UNDECLARED_SELECTOR = YES;
				GCC_WARN_UNINITIALIZED_AUTOS = YES_AGGRESSIVE;
				GCC_WARN_UNUSED_FUNCTION = YES;
				GCC_WARN_UNUSED_VARIABLE = YES;
				MACOSX_DEPLOYMENT_TARGET = 10.14;
				MTL_ENABLE_DEBUG_INFO = INCLUDE_SOURCE;
				MTL_FAST_MATH = YES;
				ONLY_ACTIVE_ARCH = YES;
				SDKROOT = macosx;
				SWIFT_ACTIVE_COMPILATION_CONDITIONS = DEBUG;
				SWIFT_OPTIMIZATION_LEVEL = "-Onone";
			};
			name = Debug;
		};
		F651EBF920FA4AC0001E40EB /* Release */ = {
			isa = XCBuildConfiguration;
			buildSettings = {
				ALWAYS_SEARCH_USER_PATHS = NO;
				CLANG_ANALYZER_NONNULL = YES;
				CLANG_ANALYZER_NUMBER_OBJECT_CONVERSION = YES_AGGRESSIVE;
				CLANG_CXX_LANGUAGE_STANDARD = "gnu++14";
				CLANG_CXX_LIBRARY = "libc++";
				CLANG_ENABLE_MODULES = YES;
				CLANG_ENABLE_OBJC_ARC = YES;
				CLANG_ENABLE_OBJC_WEAK = YES;
				CLANG_WARN_BLOCK_CAPTURE_AUTORELEASING = YES;
				CLANG_WARN_BOOL_CONVERSION = YES;
				CLANG_WARN_COMMA = YES;
				CLANG_WARN_CONSTANT_CONVERSION = YES;
				CLANG_WARN_DEPRECATED_OBJC_IMPLEMENTATIONS = YES;
				CLANG_WARN_DIRECT_OBJC_ISA_USAGE = YES_ERROR;
				CLANG_WARN_DOCUMENTATION_COMMENTS = YES;
				CLANG_WARN_EMPTY_BODY = YES;
				CLANG_WARN_ENUM_CONVERSION = YES;
				CLANG_WARN_INFINITE_RECURSION = YES;
				CLANG_WARN_INT_CONVERSION = YES;
				CLANG_WARN_NON_LITERAL_NULL_CONVERSION = YES;
				CLANG_WARN_OBJC_IMPLICIT_RETAIN_SELF = YES;
				CLANG_WARN_OBJC_LITERAL_CONVERSION = YES;
				CLANG_WARN_OBJC_ROOT_CLASS = YES_ERROR;
				CLANG_WARN_RANGE_LOOP_ANALYSIS = YES;
				CLANG_WARN_STRICT_PROTOTYPES = YES;
				CLANG_WARN_SUSPICIOUS_MOVE = YES;
				CLANG_WARN_UNGUARDED_AVAILABILITY = YES_AGGRESSIVE;
				CLANG_WARN_UNREACHABLE_CODE = YES;
				CLANG_WARN__DUPLICATE_METHOD_MATCH = YES;
				CODE_SIGN_IDENTITY = "Mac Developer";
				COPY_PHASE_STRIP = NO;
				DEBUG_INFORMATION_FORMAT = "dwarf-with-dsym";
				ENABLE_NS_ASSERTIONS = NO;
				ENABLE_STRICT_OBJC_MSGSEND = YES;
				GCC_C_LANGUAGE_STANDARD = gnu11;
				GCC_NO_COMMON_BLOCKS = YES;
				GCC_WARN_64_TO_32_BIT_CONVERSION = YES;
				GCC_WARN_ABOUT_RETURN_TYPE = YES_ERROR;
				GCC_WARN_UNDECLARED_SELECTOR = YES;
				GCC_WARN_UNINITIALIZED_AUTOS = YES_AGGRESSIVE;
				GCC_WARN_UNUSED_FUNCTION = YES;
				GCC_WARN_UNUSED_VARIABLE = YES;
				MACOSX_DEPLOYMENT_TARGET = 10.14;
				MTL_ENABLE_DEBUG_INFO = NO;
				MTL_FAST_MATH = YES;
				SDKROOT = macosx;
				SWIFT_COMPILATION_MODE = wholemodule;
				SWIFT_OPTIMIZATION_LEVEL = "-O";
			};
			name = Release;
		};
		F651EBFB20FA4AC0001E40EB /* Debug */ = {
			isa = XCBuildConfiguration;
			buildSettings = {
				CODE_SIGN_STYLE = Automatic;
				DEVELOPMENT_TEAM = JV6A999PY8;
				PRODUCT_NAME = "$(TARGET_NAME)";
				SWIFT_VERSION = 4.2;
			};
			name = Debug;
		};
		F651EBFC20FA4AC0001E40EB /* Release */ = {
			isa = XCBuildConfiguration;
			buildSettings = {
				CODE_SIGN_STYLE = Automatic;
				DEVELOPMENT_TEAM = JV6A999PY8;
				PRODUCT_NAME = "$(TARGET_NAME)";
				SWIFT_VERSION = 4.2;
			};
			name = Release;
		};
/* End XCBuildConfiguration section */

/* Begin XCConfigurationList section */
		F651EBEE20FA4ABF001E40EB /* Build configuration list for PBXProject "ShuntingYard" */ = {
			isa = XCConfigurationList;
			buildConfigurations = (
				F651EBF820FA4AC0001E40EB /* Debug */,
				F651EBF920FA4AC0001E40EB /* Release */,
			);
			defaultConfigurationIsVisible = 0;
			defaultConfigurationName = Release;
		};
		F651EBFA20FA4AC0001E40EB /* Build configuration list for PBXNativeTarget "ShuntingYard" */ = {
			isa = XCConfigurationList;
			buildConfigurations = (
				F651EBFB20FA4AC0001E40EB /* Debug */,
				F651EBFC20FA4AC0001E40EB /* Release */,
			);
			defaultConfigurationIsVisible = 0;
			defaultConfigurationName = Release;
		};
/* End XCConfigurationList section */
	};
	rootObject = F651EBEB20FA4ABF001E40EB /* Project object */;
}
